{
  "name": "call_uniapp",
  "version": "1.0.0",
  "lockfileVersion": 2,
  "requires": true,
  "packages": {
    "": {
      "name": "call_uniapp",
      "version": "1.0.0",
      "license": "ISC",
      "dependencies": {
        "ar-rtc-miniapp": "^4.0.5",
        "ar-rtm-sdk": "^1.0.10"
      }
    },
    "node_modules/@types/wechat-miniprogram": {
      "version": "3.4.1",
      "resolved": "https://registry.npmmirror.com/@types/wechat-miniprogram/-/wechat-miniprogram-3.4.1.tgz",
      "integrity": "sha512-szbuYR32VotxNQNQ4YyQ6Ob3ya0tLY0zpf/xvi6DF8Oqb+0Y+5CL5BpxS+4wBSJvlu3VfSXhjxZ0ze1a3l16Pw=="
    },
    "node_modules/ar-rtc-miniapp": {
      "version": "4.0.5",
      "resolved": "https://registry.npmmirror.com/ar-rtc-miniapp/-/ar-rtc-miniapp-4.0.5.tgz",
      "integrity": "sha512-zup9CMf9XFcgG8a6ilJ8iazswlEkSNIPTK39AeK31rXPx2rObOfj04fOtLPyABfC/c0zdBIZ4Jn+Y5gTef6kPQ==",
      "dependencies": {
        "@types/wechat-miniprogram": "^3.0.0"
      }
    },
    "node_modules/ar-rtm-sdk": {
      "version": "1.0.10",
      "resolved": "https://registry.npmmirror.com/ar-rtm-sdk/-/ar-rtm-sdk-1.0.10.tgz",
      "integrity": "sha512-Sga38xD6uvBAvKwTrH1cSEJZGEpwxII17rbhMhwPJdVVLMXzVMe8myg9dS2KU8zn3AJpvkPwonzcuIRpe38qrA=="
    }
  },
  "dependencies": {
    "@types/wechat-miniprogram": {
      "version": "3.4.1",
      "resolved": "https://registry.npmmirror.com/@types/wechat-miniprogram/-/wechat-miniprogram-3.4.1.tgz",
      "integrity": "sha512-szbuYR32VotxNQNQ4YyQ6Ob3ya0tLY0zpf/xvi6DF8Oqb+0Y+5CL5BpxS+4wBSJvlu3VfSXhjxZ0ze1a3l16Pw=="
    },
    "ar-rtc-miniapp": {
      "version": "4.0.5",
      "resolved": "https://registry.npmmirror.com/ar-rtc-miniapp/-/ar-rtc-miniapp-4.0.5.tgz",
      "integrity": "sha512-zup9CMf9XFcgG8a6ilJ8iazswlEkSNIPTK39AeK31rXPx2rObOfj04fOtLPyABfC/c0zdBIZ4Jn+Y5gTef6kPQ==",
      "requires": {
        "@types/wechat-miniprogram": "^3.0.0"
      }
    },
    "ar-rtm-sdk": {
      "version": "1.0.10",
      "resolved": "https://registry.npmmirror.com/ar-rtm-sdk/-/ar-rtm-sdk-1.0.10.tgz",
      "integrity": "sha512-Sga38xD6uvBAvKwTrH1cSEJZGEpwxII17rbhMhwPJdVVLMXzVMe8myg9dS2KU8zn3AJpvkPwonzcuIRpe38qrA=="
    }
  }
}
