PODS:
  - Bugly (2.5.5)
  - Masonry (1.1.0)
  - SVProgressHUD (2.2.5)

DEPENDENCIES:
  - Bugly (~> 2.5.2)
  - Masonry
  - SVProgressHUD (~> 2.2.5)

SPEC REPOS:
  trunk:
    - Bugly
    - Masonry
    - SVProgressHUD

SPEC CHECKSUMS:
  Bugly: eded937bbb1f731cacf689c2d934ddbd9ab34f83
  Masonry: 678fab65091a9290e40e2832a55e7ab731aad201
  SVProgressHUD: 1428aafac632c1f86f62aa4243ec12008d7a51d6

PODFILE CHECKSUM: cba2b11bee3d9c8cc4b671f8c9ccb9be03aba4f9

COCOAPODS: 1.9.3
