{
  "name": "call-wechat",
  "version": "1.0.0",
  "lockfileVersion": 1,
  "requires": true,
  "dependencies": {
    "@types/wechat-miniprogram": {
      "version": "3.4.1",
      "resolved": "https://registry.npmjs.org/@types/wechat-miniprogram/-/wechat-miniprogram-3.4.1.tgz",
      "integrity": "sha512-szbuYR32VotxNQNQ4YyQ6Ob3ya0tLY0zpf/xvi6DF8Oqb+0Y+5CL5BpxS+4wBSJvlu3VfSXhjxZ0ze1a3l16Pw=="
    },
    "ar-rtc-miniapp": {
      "version": "4.0.4",
      "resolved": "https://registry.npmjs.org/ar-rtc-miniapp/-/ar-rtc-miniapp-4.0.4.tgz",
      "integrity": "sha512-ZmAx7P0yWufcwo7V86kXN5Yr7Doz/WxY5jnDpQUuAN+wT9AyEG6xVwmTSxYJmb5hq3YnhBm55O6cVvnyAQJoEQ==",
      "requires": {
        "@types/wechat-miniprogram": "^3.0.0"
      }
    },
    "ar-rtm-sdk": {
      "version": "1.0.5",
      "resolved": "https://registry.npmjs.org/ar-rtm-sdk/-/ar-rtm-sdk-1.0.5.tgz",
      "integrity": "sha512-pz01B2sj8iqE8nD4Eucl0MWCsjUSxB0UwBMoInq4vfJTNDCoHzM0GsfqPR0lOwnmkAIWx6sBKrufGeHLTUNWbQ=="
    }
  }
}
